Microsoft Visual Studio Solution File, Format Version 11.00
# Visual Studio 2008

Project("{F6890646-4E44-E497-67BF-B8A2CA21F198}") = "LabirynthRunner", "Assembly-CSharp.csproj", "{84C27E8C-2671-0762-16F9-5FB2616CBE93}"
EndProject
Global
	GlobalSection(SolutionConfigurationPlatforms) = preSolution
		Debug|Any CPU = Debug|Any CPU
		Release|Any CPU = Release|Any CPU
	EndGlobalSection
	GlobalSection(ProjectConfigurationPlatforms) = postSolution
		{84C27E8C-2671-0762-16F9-5FB2616CBE93}.Debug|Any CPU.ActiveCfg = Debug|Any CPU
		{84C27E8C-2671-0762-16F9-5FB2616CBE93}.Debug|Any CPU.Build.0 = Debug|Any CPU
		{84C27E8C-2671-0762-16F9-5FB2616CBE93}.Release|Any CPU.ActiveCfg = Release|Any CPU
		{84C27E8C-2671-0762-16F9-5FB2616CBE93}.Release|Any CPU.Build.0 = Release|Any CPU
	EndGlobalSection
	GlobalSection(SolutionProperties) = preSolution
		HideSolutionNode = FALSE
	EndGlobalSection
	GlobalSection(MonoDevelopProperties) = preSolution
		StartupItem = Assembly-CSharp.csproj
	EndGlobalSection
EndGlobal
